
Microsoft Visual Studio Solution File, Format Version 12.00
# Visual Studio 14
VisualStudioVersion = 14.0.25123.0
MinimumVisualStudioVersion = 10.0.40219.1
Project("{FAE04EC0-301F-11D3-BF4B-00C04F79EFBC}") = "CloudBackup", "CloudBackupL\CloudBackup.csproj", "{DF41B2D5-BA26-426F-8D50-43906A9956D1}"
EndProject
Project("{6141683F-8A12-4E36-9623-2EB02B2C2303}") = "SecureBackup", "SecureBackupSetup\SecureBackup.isproj", "{5233A907-CEE7-41F6-9320-E44292C25222}"
	ProjectSection(ProjectDependencies) = postProject
		{DF41B2D5-BA26-426F-8D50-43906A9956D1} = {DF41B2D5-BA26-426F-8D50-43906A9956D1}
	EndProjectSection
EndProject
Global
	GlobalSection(SolutionConfigurationPlatforms) = preSolution
		CD_ROM|Any CPU = CD_ROM|Any CPU
		Debug|Any CPU = Debug|Any CPU
		DVD-5|Any CPU = DVD-5|Any CPU
		Release|Any CPU = Release|Any CPU
		SingleImage|Any CPU = SingleImage|Any CPU
	EndGlobalSection
	GlobalSection(ProjectConfigurationPlatforms) = postSolution
		{DF41B2D5-BA26-426F-8D50-43906A9956D1}.CD_ROM|Any CPU.ActiveCfg = Release|Any CPU
		{DF41B2D5-BA26-426F-8D50-43906A9956D1}.CD_ROM|Any CPU.Build.0 = Release|Any CPU
		{DF41B2D5-BA26-426F-8D50-43906A9956D1}.Debug|Any CPU.ActiveCfg = Debug|Any CPU
		{DF41B2D5-BA26-426F-8D50-43906A9956D1}.Debug|Any CPU.Build.0 = Debug|Any CPU
		{DF41B2D5-BA26-426F-8D50-43906A9956D1}.Debug|Any CPU.Deploy.0 = Debug|Any CPU
		{DF41B2D5-BA26-426F-8D50-43906A9956D1}.DVD-5|Any CPU.ActiveCfg = Debug|Any CPU
		{DF41B2D5-BA26-426F-8D50-43906A9956D1}.DVD-5|Any CPU.Build.0 = Debug|Any CPU
		{DF41B2D5-BA26-426F-8D50-43906A9956D1}.Release|Any CPU.ActiveCfg = Release|Any CPU
		{DF41B2D5-BA26-426F-8D50-43906A9956D1}.Release|Any CPU.Build.0 = Release|Any CPU
		{DF41B2D5-BA26-426F-8D50-43906A9956D1}.SingleImage|Any CPU.ActiveCfg = Release|Any CPU
		{DF41B2D5-BA26-426F-8D50-43906A9956D1}.SingleImage|Any CPU.Build.0 = Release|Any CPU
		{5233A907-CEE7-41F6-9320-E44292C25222}.CD_ROM|Any CPU.ActiveCfg = CD_ROM
		{5233A907-CEE7-41F6-9320-E44292C25222}.CD_ROM|Any CPU.Build.0 = CD_ROM
		{5233A907-CEE7-41F6-9320-E44292C25222}.Debug|Any CPU.ActiveCfg = CD_ROM
		{5233A907-CEE7-41F6-9320-E44292C25222}.Debug|Any CPU.Build.0 = CD_ROM
		{5233A907-CEE7-41F6-9320-E44292C25222}.DVD-5|Any CPU.ActiveCfg = DVD-5
		{5233A907-CEE7-41F6-9320-E44292C25222}.DVD-5|Any CPU.Build.0 = DVD-5
		{5233A907-CEE7-41F6-9320-E44292C25222}.Release|Any CPU.ActiveCfg = SingleImage
		{5233A907-CEE7-41F6-9320-E44292C25222}.Release|Any CPU.Build.0 = SingleImage
		{5233A907-CEE7-41F6-9320-E44292C25222}.SingleImage|Any CPU.ActiveCfg = SingleImage
		{5233A907-CEE7-41F6-9320-E44292C25222}.SingleImage|Any CPU.Build.0 = SingleImage
	EndGlobalSection
	GlobalSection(SolutionProperties) = preSolution
		HideSolutionNode = FALSE
	EndGlobalSection
EndGlobal
